{
  "name": "labaho",
  "lockfileVersion": 3,
  "requires": true,
  "packages": {
    "": {
      "name": "labaho",
      "dependencies": {
        "bootstrap": "^5.3.2",
        "chart.js": "^4.4.1",
        "fullcalendar": "^6.1.10",
        "sweetalert2": "^11.6.13"
      }
    },
    "node_modules/@fullcalendar/core": {
      "version": "6.1.10",
      "resolved": "https://registry.npmjs.org/@fullcalendar/core/-/core-6.1.10.tgz",
      "integrity": "sha512-oTXGJSAGpCf1oY+CKp5qYjMHkJCPBkJ3SHitl63n8Q6xKeiwQ4EF6Au451euUovREwJpLmD1AyZrCnWmtB9AVg==",
      "dependencies": {
        "preact": "~10.12.1"
      }
    },
    "node_modules/@fullcalendar/daygrid": {
      "version": "6.1.10",
      "resolved": "https://registry.npmjs.org/@fullcalendar/daygrid/-/daygrid-6.1.10.tgz",
      "integrity": "sha512-Z4GRm1IyHKgxXFTWGcEI0nTsvYOIkpE0aMt3/o3ER2SZkF+hfwcDFhtj0c9+WhMjXFIWYeoTnA9rUOY7Zl/nxA==",
      "peerDependencies": {
        "@fullcalendar/core": "~6.1.10"
      }
    },
    "node_modules/@fullcalendar/interaction": {
      "version": "6.1.10",
      "resolved": "https://registry.npmjs.org/@fullcalendar/interaction/-/interaction-6.1.10.tgz",
      "integrity": "sha512-aZRlwCpmDasq2RNeWV0ub20Uevare9Cb6iMlxCacx0fhOC14H28G9d1FsduJIecInL84SPGwt5ItqAYMsWv7zw==",
      "peerDependencies": {
        "@fullcalendar/core": "~6.1.10"
      }
    },
    "node_modules/@fullcalendar/list": {
      "version": "6.1.10",
      "resolved": "https://registry.npmjs.org/@fullcalendar/list/-/list-6.1.10.tgz",
      "integrity": "sha512-WE4vuSUCzol4tJd0ZP0cNxeyRPaZcsVVYs2I3qdf3OZQkXwDCdSyWEz0Hluf+XZWcZXt21aEYKlxRjwUpQcf4Q==",
      "peerDependencies": {
        "@fullcalendar/core": "~6.1.10"
      }
    },
    "node_modules/@fullcalendar/multimonth": {
      "version": "6.1.10",
      "resolved": "https://registry.npmjs.org/@fullcalendar/multimonth/-/multimonth-6.1.10.tgz",
      "integrity": "sha512-mLGEgD+sv8rNfKphyOCWRQapX7/nAvHgQmDTjuy4STlhHsddCYVmFlsSgF373ph1tXh41wAJUVdNO/pDmCvUfA==",
      "dependencies": {
        "@fullcalendar/daygrid": "~6.1.10"
      },
      "peerDependencies": {
        "@fullcalendar/core": "~6.1.10"
      }
    },
    "node_modules/@fullcalendar/timegrid": {
      "version": "6.1.10",
      "resolved": "https://registry.npmjs.org/@fullcalendar/timegrid/-/timegrid-6.1.10.tgz",
      "integrity": "sha512-hFKyQXJaPbNyq1reZmvkCmM64O99krHoIcJAbDS+dntCm3FzZUcDtAcRKIbMiantHrezCG/1MEYk3m9e3aKvIQ==",
      "dependencies": {
        "@fullcalendar/daygrid": "~6.1.10"
      },
      "peerDependencies": {
        "@fullcalendar/core": "~6.1.10"
      }
    },
    "node_modules/@kurkle/color": {
      "version": "0.3.2",
      "resolved": "https://registry.npmjs.org/@kurkle/color/-/color-0.3.2.tgz",
      "integrity": "sha512-fuscdXJ9G1qb7W8VdHi+IwRqij3lBkosAm4ydQtEmbY58OzHXqQhvlxqEkoz0yssNVn38bcpRWgA9PP+OGoisw=="
    },
    "node_modules/@popperjs/core": {
      "version": "2.11.8",
      "resolved": "https://registry.npmjs.org/@popperjs/core/-/core-2.11.8.tgz",
      "integrity": "sha512-P1st0aksCrn9sGZhp8GMYwBnQsbvAWsZAX44oXNNvLHGqAOcoVxmjZiohstwQ7SqKnbR47akdNi+uleWD8+g6A==",
      "peer": true,
      "funding": {
        "type": "opencollective",
        "url": "https://opencollective.com/popperjs"
      }
    },
    "node_modules/bootstrap": {
      "version": "5.3.2",
      "resolved": "https://registry.npmjs.org/bootstrap/-/bootstrap-5.3.2.tgz",
      "integrity": "sha512-D32nmNWiQHo94BKHLmOrdjlL05q1c8oxbtBphQFb9Z5to6eGRDCm0QgeaZ4zFBHzfg2++rqa2JkqCcxDy0sH0g==",
      "funding": [
        {
          "type": "github",
          "url": "https://github.com/sponsors/twbs"
        },
        {
          "type": "opencollective",
          "url": "https://opencollective.com/bootstrap"
        }
      ],
      "peerDependencies": {
        "@popperjs/core": "^2.11.8"
      }
    },
    "node_modules/chart.js": {
      "version": "4.4.1",
      "resolved": "https://registry.npmjs.org/chart.js/-/chart.js-4.4.1.tgz",
      "integrity": "sha512-C74QN1bxwV1v2PEujhmKjOZ7iUM4w6BWs23Md/6aOZZSlwMzeCIDGuZay++rBgChYru7/+QFeoQW0fQoP534Dg==",
      "dependencies": {
        "@kurkle/color": "^0.3.0"
      },
      "engines": {
        "pnpm": ">=7"
      }
    },
    "node_modules/fullcalendar": {
      "version": "6.1.10",
      "resolved": "https://registry.npmjs.org/fullcalendar/-/fullcalendar-6.1.10.tgz",
      "integrity": "sha512-JVka6cf3s90vKY221Xa2V8sq42J9SRYxbUILy+o2mIAzG4BqCNLPLr9uBTDtAf7eK3bNhqohnlofRzVBX0BPMw==",
      "dependencies": {
        "@fullcalendar/core": "~6.1.10",
        "@fullcalendar/daygrid": "~6.1.10",
        "@fullcalendar/interaction": "~6.1.10",
        "@fullcalendar/list": "~6.1.10",
        "@fullcalendar/multimonth": "~6.1.10",
        "@fullcalendar/timegrid": "~6.1.10"
      }
    },
    "node_modules/preact": {
      "version": "10.12.1",
      "resolved": "https://registry.npmjs.org/preact/-/preact-10.12.1.tgz",
      "integrity": "sha512-l8386ixSsBdbreOAkqtrwqHwdvR35ID8c3rKPa8lCWuO86dBi32QWHV4vfsZK1utLLFMvw+Z5Ad4XLkZzchscg==",
      "funding": {
        "type": "opencollective",
        "url": "https://opencollective.com/preact"
      }
    },
    "node_modules/sweetalert2": {
      "version": "11.10.4",
      "resolved": "https://registry.npmjs.org/sweetalert2/-/sweetalert2-11.10.4.tgz",
      "integrity": "sha512-MOVRuEW/yQsyzgkaiHqAJcYKxW3vhtE5o3Skp6vZdyJejCOWo4FOicbjRfvqHAXTyTMuwDHA+0lYbO6BiHl1Gw==",
      "funding": {
        "type": "individual",
        "url": "https://github.com/sponsors/limonte"
      }
    }
  }
}
